
Microsoft Visual Studio Solution File, Format Version 12.00
Project("{2150E333-8FDC-42A3-9474-1A3956D46DE8}") = "Systems", "Systems", "{F66C3818-21C6-4DB8-8E62-5D41C8FDBA26}"
EndProject
Project("{2150E333-8FDC-42A3-9474-1A3956D46DE8}") = "Data", "Data", "{6EF8E827-34CA-4A49-80B8-9100D1EE953B}"
EndProject
Project("{2150E333-8FDC-42A3-9474-1A3956D46DE8}") = "Common", "Common", "{303B6FB0-273B-4E64-B57E-445A324AEC5D}"
EndProject
Project("{2150E333-8FDC-42A3-9474-1A3956D46DE8}") = "Services", "Services", "{2526713C-3B45-4E70-AF08-188375350FC3}"
EndProject
Project("{FAE04EC0-301F-11D3-BF4B-00C04F79EFBC}") = "Twitter.Api", "Systems\Twitter.Api\Twitter.Api.csproj", "{BEEE65D7-A4EE-472E-9F44-FDEB2CC4A527}"
EndProject
Global
	GlobalSection(SolutionConfigurationPlatforms) = preSolution
		Debug|Any CPU = Debug|Any CPU
		Release|Any CPU = Release|Any CPU
	EndGlobalSection
	GlobalSection(NestedProjects) = preSolution
		{BEEE65D7-A4EE-472E-9F44-FDEB2CC4A527} = {F66C3818-21C6-4DB8-8E62-5D41C8FDBA26}
	EndGlobalSection
	GlobalSection(ProjectConfigurationPlatforms) = postSolution
		{BEEE65D7-A4EE-472E-9F44-FDEB2CC4A527}.Debug|Any CPU.ActiveCfg = Debug|Any CPU
		{BEEE65D7-A4EE-472E-9F44-FDEB2CC4A527}.Debug|Any CPU.Build.0 = Debug|Any CPU
		{BEEE65D7-A4EE-472E-9F44-FDEB2CC4A527}.Release|Any CPU.ActiveCfg = Release|Any CPU
		{BEEE65D7-A4EE-472E-9F44-FDEB2CC4A527}.Release|Any CPU.Build.0 = Release|Any CPU
	EndGlobalSection
EndGlobal
